
Microsoft Visual Studio Solution File, Format Version 12.00
# Visual Studio Version 17
VisualStudioVersion = 17.8.34322.80
MinimumVisualStudioVersion = 10.0.40219.1
Project("{9A19103F-16F7-4668-BE54-9A1E7A4F7556}") = "Crudblazorserve2", "Crudblazorserve2.csproj", "{DD719F7C-7C90-424C-BE46-09976D849C4F}"
EndProject
Project("{9A19103F-16F7-4668-BE54-9A1E7A4F7556}") = "CautionSououmission.Shared", "..\CautionSououmission.Shared\CautionSououmission.Shared.csproj", "{8857583C-8967-4F54-9912-9E24123ED765}"
EndProject
Global
	GlobalSection(SolutionConfigurationPlatforms) = preSolution
		Debug|Any CPU = Debug|Any CPU
		Release|Any CPU = Release|Any CPU
	EndGlobalSection
	GlobalSection(ProjectConfigurationPlatforms) = postSolution
		{DD719F7C-7C90-424C-BE46-09976D849C4F}.Debug|Any CPU.ActiveCfg = Debug|Any CPU
		{DD719F7C-7C90-424C-BE46-09976D849C4F}.Debug|Any CPU.Build.0 = Debug|Any CPU
		{DD719F7C-7C90-424C-BE46-09976D849C4F}.Release|Any CPU.ActiveCfg = Release|Any CPU
		{DD719F7C-7C90-424C-BE46-09976D849C4F}.Release|Any CPU.Build.0 = Release|Any CPU
		{8857583C-8967-4F54-9912-9E24123ED765}.Debug|Any CPU.ActiveCfg = Debug|Any CPU
		{8857583C-8967-4F54-9912-9E24123ED765}.Debug|Any CPU.Build.0 = Debug|Any CPU
		{8857583C-8967-4F54-9912-9E24123ED765}.Release|Any CPU.ActiveCfg = Release|Any CPU
		{8857583C-8967-4F54-9912-9E24123ED765}.Release|Any CPU.Build.0 = Release|Any CPU
	EndGlobalSection
	GlobalSection(SolutionProperties) = preSolution
		HideSolutionNode = FALSE
	EndGlobalSection
	GlobalSection(ExtensibilityGlobals) = postSolution
		SolutionGuid = {1D7A2134-D5B1-42DE-B187-FA37F7D42512}
	EndGlobalSection
EndGlobal
